
Microsoft Visual Studio Solution File, Format Version 12.00
# Visual Studio Version 17
VisualStudioVersion = 17.4.33213.308
MinimumVisualStudioVersion = 10.0.40219.1
Project("{FAE04EC0-301F-11D3-BF4B-00C04F79EFBC}") = "LFIRAPI", "LFIRAPI\LFIRAPI.csproj", "{8A4F70FE-B292-41D0-8302-E729875EEC6C}"
EndProject
Global
	GlobalSection(SolutionConfigurationPlatforms) = preSolution
		Debug|Any CPU = Debug|Any CPU
		Release|Any CPU = Release|Any CPU
	EndGlobalSection
	GlobalSection(ProjectConfigurationPlatforms) = postSolution
		{8A4F70FE-B292-41D0-8302-E729875EEC6C}.Debug|Any CPU.ActiveCfg = Debug|Any CPU
		{8A4F70FE-B292-41D0-8302-E729875EEC6C}.Debug|Any CPU.Build.0 = Debug|Any CPU
		{8A4F70FE-B292-41D0-8302-E729875EEC6C}.Release|Any CPU.ActiveCfg = Release|Any CPU
		{8A4F70FE-B292-41D0-8302-E729875EEC6C}.Release|Any CPU.Build.0 = Release|Any CPU
	EndGlobalSection
	GlobalSection(SolutionProperties) = preSolution
		HideSolutionNode = FALSE
	EndGlobalSection
	GlobalSection(ExtensibilityGlobals) = postSolution
		SolutionGuid = {63DA161C-C3A8-4AD9-9213-AF1A34FD8356}
	EndGlobalSection
EndGlobal
